
Microsoft Visual Studio Solution File, Format Version 12.00
# Visual Studio Version 17
VisualStudioVersion = 17.0.32014.148
MinimumVisualStudioVersion = 10.0.40219.1
Project("{FAE04EC0-301F-11D3-BF4B-00C04F79EFBC}") = "General", "General.csproj", "{509C78E7-AF90-40A6-A4FD-9DBEBDC1B6FD}"
EndProject
Global
	GlobalSection(SolutionConfigurationPlatforms) = preSolution
		Debug|Any CPU = Debug|Any CPU
		Release|Any CPU = Release|Any CPU
	EndGlobalSection
	GlobalSection(ProjectConfigurationPlatforms) = postSolution
		{509C78E7-AF90-40A6-A4FD-9DBEBDC1B6FD}.Debug|Any CPU.ActiveCfg = Debug|Any CPU
		{509C78E7-AF90-40A6-A4FD-9DBEBDC1B6FD}.Debug|Any CPU.Build.0 = Debug|Any CPU
		{509C78E7-AF90-40A6-A4FD-9DBEBDC1B6FD}.Release|Any CPU.ActiveCfg = Release|Any CPU
		{509C78E7-AF90-40A6-A4FD-9DBEBDC1B6FD}.Release|Any CPU.Build.0 = Release|Any CPU
	EndGlobalSection
	GlobalSection(SolutionProperties) = preSolution
		HideSolutionNode = FALSE
	EndGlobalSection
	GlobalSection(ExtensibilityGlobals) = postSolution
		SolutionGuid = {EC203314-E300-4C5A-AE95-3A4F733ACE1D}
	EndGlobalSection
EndGlobal
